# THIS IS AN AUTOGENERATED FILE. DO NOT EDIT THIS FILE DIRECTLY.
# yarn lockfile v1


"hump@https://github.com/vrld/hump":
  version "0.0.0"
  resolved "https://github.com/vrld/hump#fd0f6c870b5a34dc0f73fbf2c539bb5ff4ced26e"

"push@https://github.com/Ulydev/push":
  version "0.0.0"
  resolved "https://github.com/Ulydev/push#2e18ab6c6e7bb5ee26b726aefc920e5884e48c2f"

"tiled@https://github.com/karai17/Simple-Tiled-Implementation":
  version "0.0.0"
  resolved "https://github.com/karai17/Simple-Tiled-Implementation#a91dcb7fc8a4cb62dfbc3df674200bb094088404"
